
Microsoft Visual Studio Solution File, Format Version 12.00
# Visual Studio Version 16
VisualStudioVersion = 16.0.31727.386
MinimumVisualStudioVersion = 10.0.40219.1
Project("{FAE04EC0-301F-11D3-BF4B-00C04F79EFBC}") = "ConsoleApp9", "ConsoleApp9\ConsoleApp9.csproj", "{D80CE0A9-FDB0-4B5F-93B3-7E3AD67538E8}"
EndProject
Global
	GlobalSection(SolutionConfigurationPlatforms) = preSolution
		Debug|Any CPU = Debug|Any CPU
		Release|Any CPU = Release|Any CPU
	EndGlobalSection
	GlobalSection(ProjectConfigurationPlatforms) = postSolution
		{D80CE0A9-FDB0-4B5F-93B3-7E3AD67538E8}.Debug|Any CPU.ActiveCfg = Debug|Any CPU
		{D80CE0A9-FDB0-4B5F-93B3-7E3AD67538E8}.Debug|Any CPU.Build.0 = Debug|Any CPU
		{D80CE0A9-FDB0-4B5F-93B3-7E3AD67538E8}.Release|Any CPU.ActiveCfg = Release|Any CPU
		{D80CE0A9-FDB0-4B5F-93B3-7E3AD67538E8}.Release|Any CPU.Build.0 = Release|Any CPU
	EndGlobalSection
	GlobalSection(SolutionProperties) = preSolution
		HideSolutionNode = FALSE
	EndGlobalSection
	GlobalSection(ExtensibilityGlobals) = postSolution
		SolutionGuid = {2DEC82F9-D2FF-44B5-B599-CF56BAD38345}
	EndGlobalSection
EndGlobal
